// !$*UTF8*$!
{
	archiveVersion = 1;
	classes = {
	};
	objectVersion = 56;
	objects = {

/* Begin PBXBuildFile section */
		7D5D96DD29705C3B003094CC /* Analytics.framework in Frameworks */ = {isa = PBXBuildFile; fileRef = 7D5D96DC29705C3B003094CC /* Analytics.framework */; };
		7D5D96DE29705C3B003094CC /* Analytics.framework in Embed Frameworks */ = {isa = PBXBuildFile; fileRef = 7D5D96DC29705C3B003094CC /* Analytics.framework */; settings = {ATTRIBUTES = (CodeSignOnCopy, RemoveHeadersOnCopy, ); }; };
		7D66F95929701C5C00C3C510 /* AppDelegate.swift in Sources */ = {isa = PBXBuildFile; fileRef = 7D66F95829701C5C00C3C510 /* AppDelegate.swift */; };
		7D66F95D29701C5C00C3C510 /* ViewController.swift in Sources */ = {isa = PBXBuildFile; fileRef = 7D66F95C29701C5C00C3C510 /* ViewController.swift */; };
		7D66F96029701C5C00C3C510 /* Main.storyboard in Resources */ = {isa = PBXBuildFile; fileRef = 7D66F95E29701C5C00C3C510 /* Main.storyboard */; };
		7D66F96229701C6300C3C510 /* Assets.xcassets in Resources */ = {isa = PBXBuildFile; fileRef = 7D66F96129701C6300C3C510 /* Assets.xcassets */; };
		7D66F96529701C6300C3C510 /* LaunchScreen.storyboard in Resources */ = {isa = PBXBuildFile; fileRef = 7D66F96329701C6300C3C510 /* LaunchScreen.storyboard */; };
		7D66F9792970259D00C3C510 /* Mixpanel in Frameworks */ = {isa = PBXBuildFile; productRef = 7D66F9782970259D00C3C510 /* Mixpanel */; };
		7D66F97B2970265D00C3C510 /* MixpanelBridge.swift in Sources */ = {isa = PBXBuildFile; fileRef = 7D66F97A2970265D00C3C510 /* MixpanelBridge.swift */; };
/* End PBXBuildFile section */

/* Begin PBXCopyFilesBuildPhase section */
		7D5D96DF29705C3B003094CC /* Embed Frameworks */ = {
			isa = PBXCopyFilesBuildPhase;
			buildActionMask = 2147483647;
			dstPath = "";
			dstSubfolderSpec = 10;
			files = (
				7D5D96DE29705C3B003094CC /* Analytics.framework in Embed Frameworks */,
			);
			name = "Embed Frameworks";
			runOnlyForDeploymentPostprocessing = 0;
		};
/* End PBXCopyFilesBuildPhase section */

/* Begin PBXFileReference section */
		7D5D96DC29705C3B003094CC /* Analytics.framework */ = {isa = PBXFileReference; explicitFileType = wrapper.framework; path = Analytics.framework; sourceTree = BUILT_PRODUCTS_DIR; };
		7D66F95529701C5C00C3C510 /* Client.app */ = {isa = PBXFileReference; explicitFileType = wrapper.application; includeInIndex = 0; path = Client.app; sourceTree = BUILT_PRODUCTS_DIR; };
		7D66F95829701C5C00C3C510 /* AppDelegate.swift */ = {isa = PBXFileReference; lastKnownFileType = sourcecode.swift; path = AppDelegate.swift; sourceTree = "<group>"; };
		7D66F95C29701C5C00C3C510 /* ViewController.swift */ = {isa = PBXFileReference; lastKnownFileType = sourcecode.swift; path = ViewController.swift; sourceTree = "<group>"; };
		7D66F95F29701C5C00C3C510 /* Base */ = {isa = PBXFileReference; lastKnownFileType = file.storyboard; name = Base; path = Base.lproj/Main.storyboard; sourceTree = "<group>"; };
		7D66F96129701C6300C3C510 /* Assets.xcassets */ = {isa = PBXFileReference; lastKnownFileType = folder.assetcatalog; path = Assets.xcassets; sourceTree = "<group>"; };
		7D66F96429701C6300C3C510 /* Base */ = {isa = PBXFileReference; lastKnownFileType = file.storyboard; name = Base; path = Base.lproj/LaunchScreen.storyboard; sourceTree = "<group>"; };
		7D66F96629701C6300C3C510 /* Info.plist */ = {isa = PBXFileReference; lastKnownFileType = text.plist.xml; path = Info.plist; sourceTree = "<group>"; };
		7D66F97A2970265D00C3C510 /* MixpanelBridge.swift */ = {isa = PBXFileReference; lastKnownFileType = sourcecode.swift; path = MixpanelBridge.swift; sourceTree = "<group>"; };
/* End PBXFileReference section */

/* Begin PBXFrameworksBuildPhase section */
		7D66F95229701C5C00C3C510 /* Frameworks */ = {
			isa = PBXFrameworksBuildPhase;
			buildActionMask = 2147483647;
			files = (
				7D66F9792970259D00C3C510 /* Mixpanel in Frameworks */,
				7D5D96DD29705C3B003094CC /* Analytics.framework in Frameworks */,
			);
			runOnlyForDeploymentPostprocessing = 0;
		};
/* End PBXFrameworksBuildPhase section */

/* Begin PBXGroup section */
		7D5D96DB29705C3B003094CC /* Frameworks */ = {
			isa = PBXGroup;
			children = (
				7D5D96DC29705C3B003094CC /* Analytics.framework */,
			);
			name = Frameworks;
			sourceTree = "<group>";
		};
		7D5D96E62970632E003094CC /* Analytics */ = {
			isa = PBXGroup;
			children = (
				7D66F97A2970265D00C3C510 /* MixpanelBridge.swift */,
			);
			path = Analytics;
			sourceTree = "<group>";
		};
		7D66F94C29701C5C00C3C510 = {
			isa = PBXGroup;
			children = (
				7D66F95729701C5C00C3C510 /* Client */,
				7D66F95629701C5C00C3C510 /* Products */,
				7D5D96DB29705C3B003094CC /* Frameworks */,
			);
			sourceTree = "<group>";
		};
		7D66F95629701C5C00C3C510 /* Products */ = {
			isa = PBXGroup;
			children = (
				7D66F95529701C5C00C3C510 /* Client.app */,
			);
			name = Products;
			sourceTree = "<group>";
		};
		7D66F95729701C5C00C3C510 /* Client */ = {
			isa = PBXGroup;
			children = (
				7D66F96629701C6300C3C510 /* Info.plist */,
				7D5D96E62970632E003094CC /* Analytics */,
				7D66F97129701F8600C3C510 /* Config */,
				7D66F97029701F5E00C3C510 /* Resources */,
				7D66F97229701F9300C3C510 /* Screens */,
			);
			path = Client;
			sourceTree = "<group>";
		};
		7D66F97029701F5E00C3C510 /* Resources */ = {
			isa = PBXGroup;
			children = (
				7D66F96329701C6300C3C510 /* LaunchScreen.storyboard */,
				7D66F96129701C6300C3C510 /* Assets.xcassets */,
			);
			path = Resources;
			sourceTree = "<group>";
		};
		7D66F97129701F8600C3C510 /* Config */ = {
			isa = PBXGroup;
			children = (
				7D66F95829701C5C00C3C510 /* AppDelegate.swift */,
			);
			path = Config;
			sourceTree = "<group>";
		};
		7D66F97229701F9300C3C510 /* Screens */ = {
			isa = PBXGroup;
			children = (
				7D66F95C29701C5C00C3C510 /* ViewController.swift */,
				7D66F95E29701C5C00C3C510 /* Main.storyboard */,
			);
			path = Screens;
			sourceTree = "<group>";
		};
/* End PBXGroup section */

/* Begin PBXNativeTarget section */
		7D66F95429701C5C00C3C510 /* Client */ = {
			isa = PBXNativeTarget;
			buildConfigurationList = 7D66F96929701C6300C3C510 /* Build configuration list for PBXNativeTarget "Client" */;
			buildPhases = (
				7D66F95129701C5C00C3C510 /* Sources */,
				7D66F95229701C5C00C3C510 /* Frameworks */,
				7D66F95329701C5C00C3C510 /* Resources */,
				7D5D96DF29705C3B003094CC /* Embed Frameworks */,
			);
			buildRules = (
			);
			dependencies = (
			);
			name = Client;
			packageProductDependencies = (
				7D66F9782970259D00C3C510 /* Mixpanel */,
			);
			productName = Analytics;
			productReference = 7D66F95529701C5C00C3C510 /* Client.app */;
			productType = "com.apple.product-type.application";
		};
/* End PBXNativeTarget section */

/* Begin PBXProject section */
		7D66F94D29701C5C00C3C510 /* Project object */ = {
			isa = PBXProject;
			attributes = {
				BuildIndependentTargetsInParallel = 1;
				LastSwiftUpdateCheck = 1420;
				LastUpgradeCheck = 1420;
				TargetAttributes = {
					7D66F95429701C5C00C3C510 = {
						CreatedOnToolsVersion = 14.2;
					};
				};
			};
			buildConfigurationList = 7D66F95029701C5C00C3C510 /* Build configuration list for PBXProject "Client" */;
			compatibilityVersion = "Xcode 14.0";
			developmentRegion = en;
			hasScannedForEncodings = 0;
			knownRegions = (
				en,
				Base,
			);
			mainGroup = 7D66F94C29701C5C00C3C510;
			packageReferences = (
				7D66F9772970259D00C3C510 /* XCRemoteSwiftPackageReference "mixpanel-swift" */,
			);
			productRefGroup = 7D66F95629701C5C00C3C510 /* Products */;
			projectDirPath = "";
			projectRoot = "";
			targets = (
				7D66F95429701C5C00C3C510 /* Client */,
			);
		};
/* End PBXProject section */

/* Begin PBXResourcesBuildPhase section */
		7D66F95329701C5C00C3C510 /* Resources */ = {
			isa = PBXResourcesBuildPhase;
			buildActionMask = 2147483647;
			files = (
				7D66F96529701C6300C3C510 /* LaunchScreen.storyboard in Resources */,
				7D66F96229701C6300C3C510 /* Assets.xcassets in Resources */,
				7D66F96029701C5C00C3C510 /* Main.storyboard in Resources */,
			);
			runOnlyForDeploymentPostprocessing = 0;
		};
/* End PBXResourcesBuildPhase section */

/* Begin PBXSourcesBuildPhase section */
		7D66F95129701C5C00C3C510 /* Sources */ = {
			isa = PBXSourcesBuildPhase;
			buildActionMask = 2147483647;
			files = (
				7D66F95D29701C5C00C3C510 /* ViewController.swift in Sources */,
				7D66F97B2970265D00C3C510 /* MixpanelBridge.swift in Sources */,
				7D66F95929701C5C00C3C510 /* AppDelegate.swift in Sources */,
			);
			runOnlyForDeploymentPostprocessing = 0;
		};
/* End PBXSourcesBuildPhase section */

/* Begin PBXVariantGroup section */
		7D66F95E29701C5C00C3C510 /* Main.storyboard */ = {
			isa = PBXVariantGroup;
			children = (
				7D66F95F29701C5C00C3C510 /* Base */,
			);
			name = Main.storyboard;
			sourceTree = "<group>";
		};
		7D66F96329701C6300C3C510 /* LaunchScreen.storyboard */ = {
			isa = PBXVariantGroup;
			children = (
				7D66F96429701C6300C3C510 /* Base */,
			);
			name = LaunchScreen.storyboard;
			sourceTree = "<group>";
		};
/* End PBXVariantGroup section */

/* Begin XCBuildConfiguration section */
		7D66F96729701C6300C3C510 /* Debug */ = {
			isa = XCBuildConfiguration;
			buildSettings = {
				ALWAYS_SEARCH_USER_PATHS = NO;
				CLANG_ANALYZER_NONNULL = YES;
				CLANG_ANALYZER_NUMBER_OBJECT_CONVERSION = YES_AGGRESSIVE;
				CLANG_CXX_LANGUAGE_STANDARD = "gnu++20";
				CLANG_ENABLE_MODULES = YES;
				CLANG_ENABLE_OBJC_ARC = YES;
				CLANG_ENABLE_OBJC_WEAK = YES;
				CLANG_WARN_BLOCK_CAPTURE_AUTORELEASING = YES;
				CLANG_WARN_BOOL_CONVERSION = YES;
				CLANG_WARN_COMMA = YES;
				CLANG_WARN_CONSTANT_CONVERSION = YES;
				CLANG_WARN_DEPRECATED_OBJC_IMPLEMENTATIONS = YES;
				CLANG_WARN_DIRECT_OBJC_ISA_USAGE = YES_ERROR;
				CLANG_WARN_DOCUMENTATION_COMMENTS = YES;
				CLANG_WARN_EMPTY_BODY = YES;
				CLANG_WARN_ENUM_CONVERSION = YES;
				CLANG_WARN_INFINITE_RECURSION = YES;
				CLANG_WARN_INT_CONVERSION = YES;
				CLANG_WARN_NON_LITERAL_NULL_CONVERSION = YES;
				CLANG_WARN_OBJC_IMPLICIT_RETAIN_SELF = YES;
				CLANG_WARN_OBJC_LITERAL_CONVERSION = YES;
				CLANG_WARN_OBJC_ROOT_CLASS = YES_ERROR;
				CLANG_WARN_QUOTED_INCLUDE_IN_FRAMEWORK_HEADER = YES;
				CLANG_WARN_RANGE_LOOP_ANALYSIS = YES;
				CLANG_WARN_STRICT_PROTOTYPES = YES;
				CLANG_WARN_SUSPICIOUS_MOVE = YES;
				CLANG_WARN_UNGUARDED_AVAILABILITY = YES_AGGRESSIVE;
				CLANG_WARN_UNREACHABLE_CODE = YES;
				CLANG_WARN__DUPLICATE_METHOD_MATCH = YES;
				COPY_PHASE_STRIP = NO;
				DEBUG_INFORMATION_FORMAT = dwarf;
				ENABLE_STRICT_OBJC_MSGSEND = YES;
				ENABLE_TESTABILITY = YES;
				GCC_C_LANGUAGE_STANDARD = gnu11;
				GCC_DYNAMIC_NO_PIC = NO;
				GCC_NO_COMMON_BLOCKS = YES;
				GCC_OPTIMIZATION_LEVEL = 0;
				GCC_PREPROCESSOR_DEFINITIONS = (
					"DEBUG=1",
					"$(inherited)",
				);
				GCC_WARN_64_TO_32_BIT_CONVERSION = YES;
				GCC_WARN_ABOUT_RETURN_TYPE = YES_ERROR;
				GCC_WARN_UNDECLARED_SELECTOR = YES;
				GCC_WARN_UNINITIALIZED_AUTOS = YES_AGGRESSIVE;
				GCC_WARN_UNUSED_FUNCTION = YES;
				GCC_WARN_UNUSED_VARIABLE = YES;
				IPHONEOS_DEPLOYMENT_TARGET = 16.2;
				MTL_ENABLE_DEBUG_INFO = INCLUDE_SOURCE;
				MTL_FAST_MATH = YES;
				ONLY_ACTIVE_ARCH = YES;
				SDKROOT = iphoneos;
				SWIFT_ACTIVE_COMPILATION_CONDITIONS = DEBUG;
				SWIFT_OPTIMIZATION_LEVEL = "-Onone";
			};
			name = Debug;
		};
		7D66F96829701C6300C3C510 /* Release */ = {
			isa = XCBuildConfiguration;
			buildSettings = {
				ALWAYS_SEARCH_USER_PATHS = NO;
				CLANG_ANALYZER_NONNULL = YES;
				CLANG_ANALYZER_NUMBER_OBJECT_CONVERSION = YES_AGGRESSIVE;
				CLANG_CXX_LANGUAGE_STANDARD = "gnu++20";
				CLANG_ENABLE_MODULES = YES;
				CLANG_ENABLE_OBJC_ARC = YES;
				CLANG_ENABLE_OBJC_WEAK = YES;
				CLANG_WARN_BLOCK_CAPTURE_AUTORELEASING = YES;
				CLANG_WARN_BOOL_CONVERSION = YES;
				CLANG_WARN_COMMA = YES;
				CLANG_WARN_CONSTANT_CONVERSION = YES;
				CLANG_WARN_DEPRECATED_OBJC_IMPLEMENTATIONS = YES;
				CLANG_WARN_DIRECT_OBJC_ISA_USAGE = YES_ERROR;
				CLANG_WARN_DOCUMENTATION_COMMENTS = YES;
				CLANG_WARN_EMPTY_BODY = YES;
				CLANG_WARN_ENUM_CONVERSION = YES;
				CLANG_WARN_INFINITE_RECURSION = YES;
				CLANG_WARN_INT_CONVERSION = YES;
				CLANG_WARN_NON_LITERAL_NULL_CONVERSION = YES;
				CLANG_WARN_OBJC_IMPLICIT_RETAIN_SELF = YES;
				CLANG_WARN_OBJC_LITERAL_CONVERSION = YES;
				CLANG_WARN_OBJC_ROOT_CLASS = YES_ERROR;
				CLANG_WARN_QUOTED_INCLUDE_IN_FRAMEWORK_HEADER = YES;
				CLANG_WARN_RANGE_LOOP_ANALYSIS = YES;
				CLANG_WARN_STRICT_PROTOTYPES = YES;
				CLANG_WARN_SUSPICIOUS_MOVE = YES;
				CLANG_WARN_UNGUARDED_AVAILABILITY = YES_AGGRESSIVE;
				CLANG_WARN_UNREACHABLE_CODE = YES;
				CLANG_WARN__DUPLICATE_METHOD_MATCH = YES;
				COPY_PHASE_STRIP = NO;
				DEBUG_INFORMATION_FORMAT = "dwarf-with-dsym";
				ENABLE_NS_ASSERTIONS = NO;
				ENABLE_STRICT_OBJC_MSGSEND = YES;
				GCC_C_LANGUAGE_STANDARD = gnu11;
				GCC_NO_COMMON_BLOCKS = YES;
				GCC_WARN_64_TO_32_BIT_CONVERSION = YES;
				GCC_WARN_ABOUT_RETURN_TYPE = YES_ERROR;
				GCC_WARN_UNDECLARED_SELECTOR = YES;
				GCC_WARN_UNINITIALIZED_AUTOS = YES_AGGRESSIVE;
				GCC_WARN_UNUSED_FUNCTION = YES;
				GCC_WARN_UNUSED_VARIABLE = YES;
				IPHONEOS_DEPLOYMENT_TARGET = 16.2;
				MTL_ENABLE_DEBUG_INFO = NO;
				MTL_FAST_MATH = YES;
				SDKROOT = iphoneos;
				SWIFT_COMPILATION_MODE = wholemodule;
				SWIFT_OPTIMIZATION_LEVEL = "-O";
				VALIDATE_PRODUCT = YES;
			};
			name = Release;
		};
		7D66F96A29701C6300C3C510 /* Debug */ = {
			isa = XCBuildConfiguration;
			buildSettings = {
				ASSETCATALOG_COMPILER_APPICON_NAME = AppIcon;
				ASSETCATALOG_COMPILER_GLOBAL_ACCENT_COLOR_NAME = AccentColor;
				CODE_SIGN_STYLE = Automatic;
				CURRENT_PROJECT_VERSION = 1;
				DEVELOPMENT_TEAM = K5766G66EC;
				GENERATE_INFOPLIST_FILE = YES;
				INFOPLIST_FILE = Client/Info.plist;
				INFOPLIST_KEY_UIApplicationSupportsIndirectInputEvents = YES;
				INFOPLIST_KEY_UILaunchStoryboardName = LaunchScreen;
				INFOPLIST_KEY_UISupportedInterfaceOrientations_iPad = "UIInterfaceOrientationPortrait UIInterfaceOrientationPortraitUpsideDown UIInterfaceOrientationLandscapeLeft UIInterfaceOrientationLandscapeRight";
				INFOPLIST_KEY_UISupportedInterfaceOrientations_iPhone = "UIInterfaceOrientationPortrait UIInterfaceOrientationLandscapeLeft UIInterfaceOrientationLandscapeRight";
				LD_RUNPATH_SEARCH_PATHS = (
					"$(inherited)",
					"@executable_path/Frameworks",
				);
				MARKETING_VERSION = 1.0;
				PRODUCT_BUNDLE_IDENTIFIER = com.AlmaHodzic.Client;
				PRODUCT_NAME = "$(TARGET_NAME)";
				SWIFT_EMIT_LOC_STRINGS = YES;
				SWIFT_VERSION = 5.0;
				TARGETED_DEVICE_FAMILY = "1,2";
			};
			name = Debug;
		};
		7D66F96B29701C6300C3C510 /* Release */ = {
			isa = XCBuildConfiguration;
			buildSettings = {
				ASSETCATALOG_COMPILER_APPICON_NAME = AppIcon;
				ASSETCATALOG_COMPILER_GLOBAL_ACCENT_COLOR_NAME = AccentColor;
				CODE_SIGN_STYLE = Automatic;
				CURRENT_PROJECT_VERSION = 1;
				DEVELOPMENT_TEAM = K5766G66EC;
				GENERATE_INFOPLIST_FILE = YES;
				INFOPLIST_FILE = Client/Info.plist;
				INFOPLIST_KEY_UIApplicationSupportsIndirectInputEvents = YES;
				INFOPLIST_KEY_UILaunchStoryboardName = LaunchScreen;
				INFOPLIST_KEY_UISupportedInterfaceOrientations_iPad = "UIInterfaceOrientationPortrait UIInterfaceOrientationPortraitUpsideDown UIInterfaceOrientationLandscapeLeft UIInterfaceOrientationLandscapeRight";
				INFOPLIST_KEY_UISupportedInterfaceOrientations_iPhone = "UIInterfaceOrientationPortrait UIInterfaceOrientationLandscapeLeft UIInterfaceOrientationLandscapeRight";
				LD_RUNPATH_SEARCH_PATHS = (
					"$(inherited)",
					"@executable_path/Frameworks",
				);
				MARKETING_VERSION = 1.0;
				PRODUCT_BUNDLE_IDENTIFIER = com.AlmaHodzic.Client;
				PRODUCT_NAME = "$(TARGET_NAME)";
				SWIFT_EMIT_LOC_STRINGS = YES;
				SWIFT_VERSION = 5.0;
				TARGETED_DEVICE_FAMILY = "1,2";
			};
			name = Release;
		};
/* End XCBuildConfiguration section */

/* Begin XCConfigurationList section */
		7D66F95029701C5C00C3C510 /* Build configuration list for PBXProject "Client" */ = {
			isa = XCConfigurationList;
			buildConfigurations = (
				7D66F96729701C6300C3C510 /* Debug */,
				7D66F96829701C6300C3C510 /* Release */,
			);
			defaultConfigurationIsVisible = 0;
			defaultConfigurationName = Release;
		};
		7D66F96929701C6300C3C510 /* Build configuration list for PBXNativeTarget "Client" */ = {
			isa = XCConfigurationList;
			buildConfigurations = (
				7D66F96A29701C6300C3C510 /* Debug */,
				7D66F96B29701C6300C3C510 /* Release */,
			);
			defaultConfigurationIsVisible = 0;
			defaultConfigurationName = Release;
		};
/* End XCConfigurationList section */

/* Begin XCRemoteSwiftPackageReference section */
		7D66F9772970259D00C3C510 /* XCRemoteSwiftPackageReference "mixpanel-swift" */ = {
			isa = XCRemoteSwiftPackageReference;
			repositoryURL = "https://github.com/mixpanel/mixpanel-swift";
			requirement = {
				branch = master;
				kind = branch;
			};
		};
/* End XCRemoteSwiftPackageReference section */

/* Begin XCSwiftPackageProductDependency section */
		7D66F9782970259D00C3C510 /* Mixpanel */ = {
			isa = XCSwiftPackageProductDependency;
			package = 7D66F9772970259D00C3C510 /* XCRemoteSwiftPackageReference "mixpanel-swift" */;
			productName = Mixpanel;
		};
/* End XCSwiftPackageProductDependency section */
	};
	rootObject = 7D66F94D29701C5C00C3C510 /* Project object */;
}
